
Microsoft Visual Studio Solution File, Format Version 12.00
# Visual Studio Version 17
VisualStudioVersion = 17.5.002.0
MinimumVisualStudioVersion = 10.0.40219.1
Project("{9A19103F-16F7-4668-BE54-9A1E7A4F7556}") = "Bookland", "Bookland.csproj", "{AB63F53D-75AF-401A-9BEB-C1E82999716D}"
EndProject
Global
	GlobalSection(SolutionConfigurationPlatforms) = preSolution
		Debug|Any CPU = Debug|Any CPU
		Release|Any CPU = Release|Any CPU
	EndGlobalSection
	GlobalSection(ProjectConfigurationPlatforms) = postSolution
		{AB63F53D-75AF-401A-9BEB-C1E82999716D}.Debug|Any CPU.ActiveCfg = Debug|Any CPU
		{AB63F53D-75AF-401A-9BEB-C1E82999716D}.Debug|Any CPU.Build.0 = Debug|Any CPU
		{AB63F53D-75AF-401A-9BEB-C1E82999716D}.Release|Any CPU.ActiveCfg = Release|Any CPU
		{AB63F53D-75AF-401A-9BEB-C1E82999716D}.Release|Any CPU.Build.0 = Release|Any CPU
	EndGlobalSection
	GlobalSection(SolutionProperties) = preSolution
		HideSolutionNode = FALSE
	EndGlobalSection
	GlobalSection(ExtensibilityGlobals) = postSolution
		SolutionGuid = {459F9D26-C66F-489A-99ED-9A6FA763112A}
	EndGlobalSection
EndGlobal
